
Microsoft Visual Studio Solution File, Format Version 12.00
# Visual Studio Version 17
VisualStudioVersion = 17.0.31903.59
MinimumVisualStudioVersion = 10.0.40219.1
Project("{FAE04EC0-301F-11D3-BF4B-00C04F79EFBC}") = "tests", "tests\tests.csproj", "{1C737C14-940D-4B92-865B-B36EEE0FBEE6}"
EndProject
Project("{2150E333-8FDC-42A3-9474-1A3956D46DE8}") = "src", "src", "{393C523C-C2AE-4905-BC79-2396BF348370}"
EndProject
Project("{FAE04EC0-301F-11D3-BF4B-00C04F79EFBC}") = "Puzzle01", "src\Puzzle01\Puzzle01.csproj", "{B686E5A0-6955-4098-B860-DCC6E3995FE7}"
EndProject
Project("{FAE04EC0-301F-11D3-BF4B-00C04F79EFBC}") = "Puzzle02", "src\Puzzle02\Puzzle02.csproj", "{8376FF03-871F-45BF-A459-E956268D4827}"
EndProject
Project("{FAE04EC0-301F-11D3-BF4B-00C04F79EFBC}") = "Puzzle03", "src\Puzzle03\Puzzle03.csproj", "{E324FEE8-4F78-429E-A158-8E1A3E4D5F3E}"
EndProject
Project("{FAE04EC0-301F-11D3-BF4B-00C04F79EFBC}") = "Puzzle04", "src\Puzzle04\Puzzle04.csproj", "{54BDF9A9-1EF6-4A10-929F-32B722302A8B}"
EndProject
Project("{FAE04EC0-301F-11D3-BF4B-00C04F79EFBC}") = "Puzzle05", "src\Puzzle05\Puzzle05.csproj", "{5E61C450-0AB5-46B4-BEF4-5B246A419CC6}"
EndProject
Project("{FAE04EC0-301F-11D3-BF4B-00C04F79EFBC}") = "Puzzle06", "src\Puzzle06\Puzzle06.csproj", "{20C953BA-5EDF-413F-8C51-853C18F01FAD}"
EndProject
Project("{FAE04EC0-301F-11D3-BF4B-00C04F79EFBC}") = "Puzzle07", "src\Puzzle07\Puzzle07.csproj", "{8060CFED-46E1-4CDB-8680-4DB448BE7B2A}"
EndProject
Project("{FAE04EC0-301F-11D3-BF4B-00C04F79EFBC}") = "Puzzle08", "src\Puzzle08\Puzzle08.csproj", "{86C59AA4-5944-4433-B25C-0262B34AD88F}"
EndProject
Project("{FAE04EC0-301F-11D3-BF4B-00C04F79EFBC}") = "Puzzle09", "src\Puzzle09\Puzzle09.csproj", "{B39ADFC9-63FB-4870-88B8-C87B7CD84CBE}"
EndProject
Project("{FAE04EC0-301F-11D3-BF4B-00C04F79EFBC}") = "Puzzle10", "src\Puzzle10\Puzzle10.csproj", "{6212025A-1018-43AF-8555-E1502DC75A08}"
EndProject
Project("{FAE04EC0-301F-11D3-BF4B-00C04F79EFBC}") = "Puzzle11", "src\Puzzle11\Puzzle11.csproj", "{34E627EE-3907-4B15-944F-03CBA549BBB9}"
EndProject
Project("{FAE04EC0-301F-11D3-BF4B-00C04F79EFBC}") = "Puzzle12", "src\Puzzle12\Puzzle12.csproj", "{2FEC5898-A1F6-4962-B948-BED9D900FCDD}"
EndProject
Project("{FAE04EC0-301F-11D3-BF4B-00C04F79EFBC}") = "Puzzle13", "src\Puzzle13\Puzzle13.csproj", "{1244209C-DDD8-46D6-81BB-0B28C674149B}"
EndProject
Project("{FAE04EC0-301F-11D3-BF4B-00C04F79EFBC}") = "Puzzle14", "src\Puzzle14\Puzzle14.csproj", "{66BB4416-F489-4EF7-9BB4-AEA512BDE615}"
EndProject
Project("{FAE04EC0-301F-11D3-BF4B-00C04F79EFBC}") = "Puzzle15", "src\Puzzle15\Puzzle15.csproj", "{922382CB-A089-4D68-8DF2-100682A44442}"
EndProject
Project("{FAE04EC0-301F-11D3-BF4B-00C04F79EFBC}") = "Puzzle16", "src\Puzzle16\Puzzle16.csproj", "{C474565D-E8BB-4202-B546-573EA22F040F}"
EndProject
Project("{FAE04EC0-301F-11D3-BF4B-00C04F79EFBC}") = "Puzzle17", "src\Puzzle17\Puzzle17.csproj", "{1BD15216-BBFB-4716-802E-737872421514}"
EndProject
Project("{FAE04EC0-301F-11D3-BF4B-00C04F79EFBC}") = "Puzzle18", "src\Puzzle18\Puzzle18.csproj", "{20A4B00D-B320-42EE-890D-DDEA321994B1}"
EndProject
Project("{FAE04EC0-301F-11D3-BF4B-00C04F79EFBC}") = "Puzzle19", "src\Puzzle19\Puzzle19.csproj", "{866FB127-AE70-4808-AF5D-5F97BDB501C2}"
EndProject
Project("{FAE04EC0-301F-11D3-BF4B-00C04F79EFBC}") = "Puzzle20", "src\Puzzle20\Puzzle20.csproj", "{23DA2520-424E-45E4-A805-80F8677A0F24}"
EndProject
Project("{FAE04EC0-301F-11D3-BF4B-00C04F79EFBC}") = "Puzzle21", "src\Puzzle21\Puzzle21.csproj", "{13FB0B54-4030-4302-B0BF-68FED0741187}"
EndProject
Project("{FAE04EC0-301F-11D3-BF4B-00C04F79EFBC}") = "Puzzle22", "src\Puzzle22\Puzzle22.csproj", "{76CAFBDC-0DB2-4558-A86B-58F9A96F4F3F}"
EndProject
Project("{FAE04EC0-301F-11D3-BF4B-00C04F79EFBC}") = "Puzzle23", "src\Puzzle23\Puzzle23.csproj", "{BD474939-6660-4FFA-A819-886C01BF79C6}"
EndProject
Project("{FAE04EC0-301F-11D3-BF4B-00C04F79EFBC}") = "Puzzle24", "src\Puzzle24\Puzzle24.csproj", "{6F8E2F5A-CD80-47D1-8053-0109BFDCC0CD}"
EndProject
Project("{FAE04EC0-301F-11D3-BF4B-00C04F79EFBC}") = "Puzzle25", "src\Puzzle25\Puzzle25.csproj", "{FF5287A7-CE35-4C36-B144-C4B38D96F326}"
EndProject
Global
	GlobalSection(SolutionConfigurationPlatforms) = preSolution
		Debug|Any CPU = Debug|Any CPU
		Release|Any CPU = Release|Any CPU
	EndGlobalSection
	GlobalSection(ProjectConfigurationPlatforms) = postSolution
		{1C737C14-940D-4B92-865B-B36EEE0FBEE6}.Debug|Any CPU.ActiveCfg = Debug|Any CPU
		{1C737C14-940D-4B92-865B-B36EEE0FBEE6}.Debug|Any CPU.Build.0 = Debug|Any CPU
		{1C737C14-940D-4B92-865B-B36EEE0FBEE6}.Release|Any CPU.ActiveCfg = Release|Any CPU
		{1C737C14-940D-4B92-865B-B36EEE0FBEE6}.Release|Any CPU.Build.0 = Release|Any CPU
		{B686E5A0-6955-4098-B860-DCC6E3995FE7}.Debug|Any CPU.ActiveCfg = Debug|Any CPU
		{B686E5A0-6955-4098-B860-DCC6E3995FE7}.Debug|Any CPU.Build.0 = Debug|Any CPU
		{B686E5A0-6955-4098-B860-DCC6E3995FE7}.Release|Any CPU.ActiveCfg = Release|Any CPU
		{B686E5A0-6955-4098-B860-DCC6E3995FE7}.Release|Any CPU.Build.0 = Release|Any CPU
		{8376FF03-871F-45BF-A459-E956268D4827}.Debug|Any CPU.ActiveCfg = Debug|Any CPU
		{8376FF03-871F-45BF-A459-E956268D4827}.Debug|Any CPU.Build.0 = Debug|Any CPU
		{8376FF03-871F-45BF-A459-E956268D4827}.Release|Any CPU.ActiveCfg = Release|Any CPU
		{8376FF03-871F-45BF-A459-E956268D4827}.Release|Any CPU.Build.0 = Release|Any CPU
		{E324FEE8-4F78-429E-A158-8E1A3E4D5F3E}.Debug|Any CPU.ActiveCfg = Debug|Any CPU
		{E324FEE8-4F78-429E-A158-8E1A3E4D5F3E}.Debug|Any CPU.Build.0 = Debug|Any CPU
		{E324FEE8-4F78-429E-A158-8E1A3E4D5F3E}.Release|Any CPU.ActiveCfg = Release|Any CPU
		{E324FEE8-4F78-429E-A158-8E1A3E4D5F3E}.Release|Any CPU.Build.0 = Release|Any CPU
		{54BDF9A9-1EF6-4A10-929F-32B722302A8B}.Debug|Any CPU.ActiveCfg = Debug|Any CPU
		{54BDF9A9-1EF6-4A10-929F-32B722302A8B}.Debug|Any CPU.Build.0 = Debug|Any CPU
		{54BDF9A9-1EF6-4A10-929F-32B722302A8B}.Release|Any CPU.ActiveCfg = Release|Any CPU
		{54BDF9A9-1EF6-4A10-929F-32B722302A8B}.Release|Any CPU.Build.0 = Release|Any CPU
		{5E61C450-0AB5-46B4-BEF4-5B246A419CC6}.Debug|Any CPU.ActiveCfg = Debug|Any CPU
		{5E61C450-0AB5-46B4-BEF4-5B246A419CC6}.Debug|Any CPU.Build.0 = Debug|Any CPU
		{5E61C450-0AB5-46B4-BEF4-5B246A419CC6}.Release|Any CPU.ActiveCfg = Release|Any CPU
		{5E61C450-0AB5-46B4-BEF4-5B246A419CC6}.Release|Any CPU.Build.0 = Release|Any CPU
		{20C953BA-5EDF-413F-8C51-853C18F01FAD}.Debug|Any CPU.ActiveCfg = Debug|Any CPU
		{20C953BA-5EDF-413F-8C51-853C18F01FAD}.Debug|Any CPU.Build.0 = Debug|Any CPU
		{20C953BA-5EDF-413F-8C51-853C18F01FAD}.Release|Any CPU.ActiveCfg = Release|Any CPU
		{20C953BA-5EDF-413F-8C51-853C18F01FAD}.Release|Any CPU.Build.0 = Release|Any CPU
		{8060CFED-46E1-4CDB-8680-4DB448BE7B2A}.Debug|Any CPU.ActiveCfg = Debug|Any CPU
		{8060CFED-46E1-4CDB-8680-4DB448BE7B2A}.Debug|Any CPU.Build.0 = Debug|Any CPU
		{8060CFED-46E1-4CDB-8680-4DB448BE7B2A}.Release|Any CPU.ActiveCfg = Release|Any CPU
		{8060CFED-46E1-4CDB-8680-4DB448BE7B2A}.Release|Any CPU.Build.0 = Release|Any CPU
		{86C59AA4-5944-4433-B25C-0262B34AD88F}.Debug|Any CPU.ActiveCfg = Debug|Any CPU
		{86C59AA4-5944-4433-B25C-0262B34AD88F}.Debug|Any CPU.Build.0 = Debug|Any CPU
		{86C59AA4-5944-4433-B25C-0262B34AD88F}.Release|Any CPU.ActiveCfg = Release|Any CPU
		{86C59AA4-5944-4433-B25C-0262B34AD88F}.Release|Any CPU.Build.0 = Release|Any CPU
		{B39ADFC9-63FB-4870-88B8-C87B7CD84CBE}.Debug|Any CPU.ActiveCfg = Debug|Any CPU
		{B39ADFC9-63FB-4870-88B8-C87B7CD84CBE}.Debug|Any CPU.Build.0 = Debug|Any CPU
		{B39ADFC9-63FB-4870-88B8-C87B7CD84CBE}.Release|Any CPU.ActiveCfg = Release|Any CPU
		{B39ADFC9-63FB-4870-88B8-C87B7CD84CBE}.Release|Any CPU.Build.0 = Release|Any CPU
		{6212025A-1018-43AF-8555-E1502DC75A08}.Debug|Any CPU.ActiveCfg = Debug|Any CPU
		{6212025A-1018-43AF-8555-E1502DC75A08}.Debug|Any CPU.Build.0 = Debug|Any CPU
		{6212025A-1018-43AF-8555-E1502DC75A08}.Release|Any CPU.ActiveCfg = Release|Any CPU
		{6212025A-1018-43AF-8555-E1502DC75A08}.Release|Any CPU.Build.0 = Release|Any CPU
		{34E627EE-3907-4B15-944F-03CBA549BBB9}.Debug|Any CPU.ActiveCfg = Debug|Any CPU
		{34E627EE-3907-4B15-944F-03CBA549BBB9}.Debug|Any CPU.Build.0 = Debug|Any CPU
		{34E627EE-3907-4B15-944F-03CBA549BBB9}.Release|Any CPU.ActiveCfg = Release|Any CPU
		{34E627EE-3907-4B15-944F-03CBA549BBB9}.Release|Any CPU.Build.0 = Release|Any CPU
		{2FEC5898-A1F6-4962-B948-BED9D900FCDD}.Debug|Any CPU.ActiveCfg = Debug|Any CPU
		{2FEC5898-A1F6-4962-B948-BED9D900FCDD}.Debug|Any CPU.Build.0 = Debug|Any CPU
		{2FEC5898-A1F6-4962-B948-BED9D900FCDD}.Release|Any CPU.ActiveCfg = Release|Any CPU
		{2FEC5898-A1F6-4962-B948-BED9D900FCDD}.Release|Any CPU.Build.0 = Release|Any CPU
		{1244209C-DDD8-46D6-81BB-0B28C674149B}.Debug|Any CPU.ActiveCfg = Debug|Any CPU
		{1244209C-DDD8-46D6-81BB-0B28C674149B}.Debug|Any CPU.Build.0 = Debug|Any CPU
		{1244209C-DDD8-46D6-81BB-0B28C674149B}.Release|Any CPU.ActiveCfg = Release|Any CPU
		{1244209C-DDD8-46D6-81BB-0B28C674149B}.Release|Any CPU.Build.0 = Release|Any CPU
		{66BB4416-F489-4EF7-9BB4-AEA512BDE615}.Debug|Any CPU.ActiveCfg = Debug|Any CPU
		{66BB4416-F489-4EF7-9BB4-AEA512BDE615}.Debug|Any CPU.Build.0 = Debug|Any CPU
		{66BB4416-F489-4EF7-9BB4-AEA512BDE615}.Release|Any CPU.ActiveCfg = Release|Any CPU
		{66BB4416-F489-4EF7-9BB4-AEA512BDE615}.Release|Any CPU.Build.0 = Release|Any CPU
		{922382CB-A089-4D68-8DF2-100682A44442}.Debug|Any CPU.ActiveCfg = Debug|Any CPU
		{922382CB-A089-4D68-8DF2-100682A44442}.Debug|Any CPU.Build.0 = Debug|Any CPU
		{922382CB-A089-4D68-8DF2-100682A44442}.Release|Any CPU.ActiveCfg = Release|Any CPU
		{922382CB-A089-4D68-8DF2-100682A44442}.Release|Any CPU.Build.0 = Release|Any CPU
		{C474565D-E8BB-4202-B546-573EA22F040F}.Debug|Any CPU.ActiveCfg = Debug|Any CPU
		{C474565D-E8BB-4202-B546-573EA22F040F}.Debug|Any CPU.Build.0 = Debug|Any CPU
		{C474565D-E8BB-4202-B546-573EA22F040F}.Release|Any CPU.ActiveCfg = Release|Any CPU
		{C474565D-E8BB-4202-B546-573EA22F040F}.Release|Any CPU.Build.0 = Release|Any CPU
		{1BD15216-BBFB-4716-802E-737872421514}.Debug|Any CPU.ActiveCfg = Debug|Any CPU
		{1BD15216-BBFB-4716-802E-737872421514}.Debug|Any CPU.Build.0 = Debug|Any CPU
		{1BD15216-BBFB-4716-802E-737872421514}.Release|Any CPU.ActiveCfg = Release|Any CPU
		{1BD15216-BBFB-4716-802E-737872421514}.Release|Any CPU.Build.0 = Release|Any CPU
		{20A4B00D-B320-42EE-890D-DDEA321994B1}.Debug|Any CPU.ActiveCfg = Debug|Any CPU
		{20A4B00D-B320-42EE-890D-DDEA321994B1}.Debug|Any CPU.Build.0 = Debug|Any CPU
		{20A4B00D-B320-42EE-890D-DDEA321994B1}.Release|Any CPU.ActiveCfg = Release|Any CPU
		{20A4B00D-B320-42EE-890D-DDEA321994B1}.Release|Any CPU.Build.0 = Release|Any CPU
		{866FB127-AE70-4808-AF5D-5F97BDB501C2}.Debug|Any CPU.ActiveCfg = Debug|Any CPU
		{866FB127-AE70-4808-AF5D-5F97BDB501C2}.Debug|Any CPU.Build.0 = Debug|Any CPU
		{866FB127-AE70-4808-AF5D-5F97BDB501C2}.Release|Any CPU.ActiveCfg = Release|Any CPU
		{866FB127-AE70-4808-AF5D-5F97BDB501C2}.Release|Any CPU.Build.0 = Release|Any CPU
		{23DA2520-424E-45E4-A805-80F8677A0F24}.Debug|Any CPU.ActiveCfg = Debug|Any CPU
		{23DA2520-424E-45E4-A805-80F8677A0F24}.Debug|Any CPU.Build.0 = Debug|Any CPU
		{23DA2520-424E-45E4-A805-80F8677A0F24}.Release|Any CPU.ActiveCfg = Release|Any CPU
		{23DA2520-424E-45E4-A805-80F8677A0F24}.Release|Any CPU.Build.0 = Release|Any CPU
		{13FB0B54-4030-4302-B0BF-68FED0741187}.Debug|Any CPU.ActiveCfg = Debug|Any CPU
		{13FB0B54-4030-4302-B0BF-68FED0741187}.Debug|Any CPU.Build.0 = Debug|Any CPU
		{13FB0B54-4030-4302-B0BF-68FED0741187}.Release|Any CPU.ActiveCfg = Release|Any CPU
		{13FB0B54-4030-4302-B0BF-68FED0741187}.Release|Any CPU.Build.0 = Release|Any CPU
		{76CAFBDC-0DB2-4558-A86B-58F9A96F4F3F}.Debug|Any CPU.ActiveCfg = Debug|Any CPU
		{76CAFBDC-0DB2-4558-A86B-58F9A96F4F3F}.Debug|Any CPU.Build.0 = Debug|Any CPU
		{76CAFBDC-0DB2-4558-A86B-58F9A96F4F3F}.Release|Any CPU.ActiveCfg = Release|Any CPU
		{76CAFBDC-0DB2-4558-A86B-58F9A96F4F3F}.Release|Any CPU.Build.0 = Release|Any CPU
		{BD474939-6660-4FFA-A819-886C01BF79C6}.Debug|Any CPU.ActiveCfg = Debug|Any CPU
		{BD474939-6660-4FFA-A819-886C01BF79C6}.Debug|Any CPU.Build.0 = Debug|Any CPU
		{BD474939-6660-4FFA-A819-886C01BF79C6}.Release|Any CPU.ActiveCfg = Release|Any CPU
		{BD474939-6660-4FFA-A819-886C01BF79C6}.Release|Any CPU.Build.0 = Release|Any CPU
		{6F8E2F5A-CD80-47D1-8053-0109BFDCC0CD}.Debug|Any CPU.ActiveCfg = Debug|Any CPU
		{6F8E2F5A-CD80-47D1-8053-0109BFDCC0CD}.Debug|Any CPU.Build.0 = Debug|Any CPU
		{6F8E2F5A-CD80-47D1-8053-0109BFDCC0CD}.Release|Any CPU.ActiveCfg = Release|Any CPU
		{6F8E2F5A-CD80-47D1-8053-0109BFDCC0CD}.Release|Any CPU.Build.0 = Release|Any CPU
		{FF5287A7-CE35-4C36-B144-C4B38D96F326}.Debug|Any CPU.ActiveCfg = Debug|Any CPU
		{FF5287A7-CE35-4C36-B144-C4B38D96F326}.Debug|Any CPU.Build.0 = Debug|Any CPU
		{FF5287A7-CE35-4C36-B144-C4B38D96F326}.Release|Any CPU.ActiveCfg = Release|Any CPU
		{FF5287A7-CE35-4C36-B144-C4B38D96F326}.Release|Any CPU.Build.0 = Release|Any CPU
	EndGlobalSection
	GlobalSection(SolutionProperties) = preSolution
		HideSolutionNode = FALSE
	EndGlobalSection
	GlobalSection(NestedProjects) = preSolution
		{B686E5A0-6955-4098-B860-DCC6E3995FE7} = {393C523C-C2AE-4905-BC79-2396BF348370}
		{8376FF03-871F-45BF-A459-E956268D4827} = {393C523C-C2AE-4905-BC79-2396BF348370}
		{E324FEE8-4F78-429E-A158-8E1A3E4D5F3E} = {393C523C-C2AE-4905-BC79-2396BF348370}
		{54BDF9A9-1EF6-4A10-929F-32B722302A8B} = {393C523C-C2AE-4905-BC79-2396BF348370}
		{5E61C450-0AB5-46B4-BEF4-5B246A419CC6} = {393C523C-C2AE-4905-BC79-2396BF348370}
		{20C953BA-5EDF-413F-8C51-853C18F01FAD} = {393C523C-C2AE-4905-BC79-2396BF348370}
		{8060CFED-46E1-4CDB-8680-4DB448BE7B2A} = {393C523C-C2AE-4905-BC79-2396BF348370}
		{86C59AA4-5944-4433-B25C-0262B34AD88F} = {393C523C-C2AE-4905-BC79-2396BF348370}
		{B39ADFC9-63FB-4870-88B8-C87B7CD84CBE} = {393C523C-C2AE-4905-BC79-2396BF348370}
		{6212025A-1018-43AF-8555-E1502DC75A08} = {393C523C-C2AE-4905-BC79-2396BF348370}
		{34E627EE-3907-4B15-944F-03CBA549BBB9} = {393C523C-C2AE-4905-BC79-2396BF348370}
		{2FEC5898-A1F6-4962-B948-BED9D900FCDD} = {393C523C-C2AE-4905-BC79-2396BF348370}
		{1244209C-DDD8-46D6-81BB-0B28C674149B} = {393C523C-C2AE-4905-BC79-2396BF348370}
		{66BB4416-F489-4EF7-9BB4-AEA512BDE615} = {393C523C-C2AE-4905-BC79-2396BF348370}
		{922382CB-A089-4D68-8DF2-100682A44442} = {393C523C-C2AE-4905-BC79-2396BF348370}
		{C474565D-E8BB-4202-B546-573EA22F040F} = {393C523C-C2AE-4905-BC79-2396BF348370}
		{1BD15216-BBFB-4716-802E-737872421514} = {393C523C-C2AE-4905-BC79-2396BF348370}
		{20A4B00D-B320-42EE-890D-DDEA321994B1} = {393C523C-C2AE-4905-BC79-2396BF348370}
		{866FB127-AE70-4808-AF5D-5F97BDB501C2} = {393C523C-C2AE-4905-BC79-2396BF348370}
		{23DA2520-424E-45E4-A805-80F8677A0F24} = {393C523C-C2AE-4905-BC79-2396BF348370}
		{13FB0B54-4030-4302-B0BF-68FED0741187} = {393C523C-C2AE-4905-BC79-2396BF348370}
		{76CAFBDC-0DB2-4558-A86B-58F9A96F4F3F} = {393C523C-C2AE-4905-BC79-2396BF348370}
		{BD474939-6660-4FFA-A819-886C01BF79C6} = {393C523C-C2AE-4905-BC79-2396BF348370}
		{6F8E2F5A-CD80-47D1-8053-0109BFDCC0CD} = {393C523C-C2AE-4905-BC79-2396BF348370}
		{FF5287A7-CE35-4C36-B144-C4B38D96F326} = {393C523C-C2AE-4905-BC79-2396BF348370}
	EndGlobalSection
EndGlobal
